speakeasyVersion: 1.759.1
sources:
    Plex-API:
        sourceNamespace: plex-api
        sourceRevisionDigest: sha256:1b8840d540c66b58d1009ec2581fb18464158ec9aa00464eac05ba737f31207e
        sourceBlobDigest: sha256:f7e2709f52370dff16c1851a7a4e44a89f2e978e9cae335bffc10625950b3bd9
        tags:
            - latest
            - main
    plexapi:
        sourceNamespace: plexapi
        sourceRevisionDigest: sha256:9fdbe2b4a5bd7e64c800a7347e12bb332bc65787549625a223e754beb9c8ca0c
        sourceBlobDigest: sha256:e115aa8985a242f90f686ebf37013c4fce6d6c1a0ea01409366a1f727737a995
        tags:
            - latest
            - 1.1.1
targets: {}
workflow:
    workflowVersion: 1.0.0
    speakeasyVersion: latest
    sources:
        plexapi:
            inputs:
                - location: ./plex-api-spec.yaml
            registry:
                location: registry.speakeasyapi.dev/plexapi/plexapi/plexapi
    targets: {}
